
Microsoft Visual Studio Solution File, Format Version 12.00
# Visual Studio 15
VisualStudioVersion = 15.0.27428.2002
MinimumVisualStudioVersion = 10.0.40219.1
Project("{FAE04EC0-301F-11D3-BF4B-00C04F79EFBC}") = "SawQuiz", "SawQuiz\SawQuiz.csproj", "{BFDA8D85-075D-4368-A076-7C11B98AD82A}"
EndProject
Project("{FAE04EC0-301F-11D3-BF4B-00C04F79EFBC}") = "WebView", "WebView\WebView.csproj", "{71317476-70E3-43CE-A64B-A1427E767151}"
EndProject
Global
	GlobalSection(SolutionConfigurationPlatforms) = preSolution
		Debug|Any CPU = Debug|Any CPU
		Release|Any CPU = Release|Any CPU
	EndGlobalSection
	GlobalSection(ProjectConfigurationPlatforms) = postSolution
		{BFDA8D85-075D-4368-A076-7C11B98AD82A}.Debug|Any CPU.ActiveCfg = Debug|Any CPU
		{BFDA8D85-075D-4368-A076-7C11B98AD82A}.Debug|Any CPU.Build.0 = Debug|Any CPU
		{BFDA8D85-075D-4368-A076-7C11B98AD82A}.Release|Any CPU.ActiveCfg = Release|Any CPU
		{BFDA8D85-075D-4368-A076-7C11B98AD82A}.Release|Any CPU.Build.0 = Release|Any CPU
		{71317476-70E3-43CE-A64B-A1427E767151}.Debug|Any CPU.ActiveCfg = Debug|Any CPU
		{71317476-70E3-43CE-A64B-A1427E767151}.Debug|Any CPU.Build.0 = Debug|Any CPU
		{71317476-70E3-43CE-A64B-A1427E767151}.Release|Any CPU.ActiveCfg = Release|Any CPU
		{71317476-70E3-43CE-A64B-A1427E767151}.Release|Any CPU.Build.0 = Release|Any CPU
	EndGlobalSection
	GlobalSection(SolutionProperties) = preSolution
		HideSolutionNode = FALSE
	EndGlobalSection
	GlobalSection(ExtensibilityGlobals) = postSolution
		SolutionGuid = {C6D4F85F-8660-414C-8FC3-1410C516AA53}
	EndGlobalSection
EndGlobal
